
Microsoft Visual Studio Solution File, Format Version 12.00
# Visual Studio Version 17
VisualStudioVersion = 17.1.32319.34
MinimumVisualStudioVersion = 10.0.40219.1
Project("{9A19103F-16F7-4668-BE54-9A1E7A4F7556}") = "MiClase", "MiClase\MiClase.csproj", "{FAC519F1-F9AB-44CC-95D7-139733B355F7}"
EndProject
Project("{2150E333-8FDC-42A3-9474-1A3956D46DE8}") = "Solution Items", "Solution Items", "{9D7A06AB-BCF2-4BA1-96BB-8B778DCF748C}"
	ProjectSection(SolutionItems) = preProject
		.editorconfig = .editorconfig
	EndProjectSection
EndProject
Global
	GlobalSection(SolutionConfigurationPlatforms) = preSolution
		Debug|Any CPU = Debug|Any CPU
		Release|Any CPU = Release|Any CPU
	EndGlobalSection
	GlobalSection(ProjectConfigurationPlatforms) = postSolution
		{FAC519F1-F9AB-44CC-95D7-139733B355F7}.Debug|Any CPU.ActiveCfg = Debug|Any CPU
		{FAC519F1-F9AB-44CC-95D7-139733B355F7}.Debug|Any CPU.Build.0 = Debug|Any CPU
		{FAC519F1-F9AB-44CC-95D7-139733B355F7}.Release|Any CPU.ActiveCfg = Release|Any CPU
		{FAC519F1-F9AB-44CC-95D7-139733B355F7}.Release|Any CPU.Build.0 = Release|Any CPU
	EndGlobalSection
	GlobalSection(SolutionProperties) = preSolution
		HideSolutionNode = FALSE
	EndGlobalSection
	GlobalSection(ExtensibilityGlobals) = postSolution
		SolutionGuid = {202CC930-E418-4BB1-BD87-9692903A24BF}
	EndGlobalSection
EndGlobal
